// !$*UTF8*$!
{
	archiveVersion = 1;
	classes = {
	};
	objectVersion = 46;
	objects = {

/* Begin PBXBuildFile section */
		1F416FF11F28ECFC0007F2E4 /* TaskServices.swift in Sources */ = {isa = PBXBuildFile; fileRef = 1F416FF01F28ECFC0007F2E4 /* TaskServices.swift */; };
		1FE4332E1F20FB910062D8ED /* AppDelegate.swift in Sources */ = {isa = PBXBuildFile; fileRef = 1FE4332D1F20FB910062D8ED /* AppDelegate.swift */; };
		1FE433301F20FB910062D8ED /* ToDoTableViewController.swift in Sources */ = {isa = PBXBuildFile; fileRef = 1FE4332F1F20FB910062D8ED /* ToDoTableViewController.swift */; };
		1FE433331F20FB910062D8ED /* Main.storyboard in Resources */ = {isa = PBXBuildFile; fileRef = 1FE433311F20FB910062D8ED /* Main.storyboard */; };
		1FE433351F20FB910062D8ED /* Assets.xcassets in Resources */ = {isa = PBXBuildFile; fileRef = 1FE433341F20FB910062D8ED /* Assets.xcassets */; };
		1FE433411F213A5C0062D8ED /* ToDoPresenter.swift in Sources */ = {isa = PBXBuildFile; fileRef = 1FE433401F213A5C0062D8ED /* ToDoPresenter.swift */; };
		1FE433431F213A6C0062D8ED /* ToDoRouter.swift in Sources */ = {isa = PBXBuildFile; fileRef = 1FE433421F213A6C0062D8ED /* ToDoRouter.swift */; };
		1FE433451F213A820062D8ED /* ToDoConfigurator.swift in Sources */ = {isa = PBXBuildFile; fileRef = 1FE433441F213A820062D8ED /* ToDoConfigurator.swift */; };
		1FE433471F21435C0062D8ED /* ToDoDataDisplayManager.swift in Sources */ = {isa = PBXBuildFile; fileRef = 1FE433461F21435C0062D8ED /* ToDoDataDisplayManager.swift */; };
		1FE433491F2149500062D8ED /* Task.swift in Sources */ = {isa = PBXBuildFile; fileRef = 1FE433481F2149500062D8ED /* Task.swift */; };
		1FE4334C1F2152560062D8ED /* AddTableViewController.swift in Sources */ = {isa = PBXBuildFile; fileRef = 1FE4334B1F2152560062D8ED /* AddTableViewController.swift */; };
		1FE4334F1F21DC700062D8ED /* AddViewPresenter.swift in Sources */ = {isa = PBXBuildFile; fileRef = 1FE4334E1F21DC700062D8ED /* AddViewPresenter.swift */; };
		1FE433511F21DC830062D8ED /* AddViewRouter.swift in Sources */ = {isa = PBXBuildFile; fileRef = 1FE433501F21DC830062D8ED /* AddViewRouter.swift */; };
		1FE433531F21DC940062D8ED /* AddViewConfigurator.swift in Sources */ = {isa = PBXBuildFile; fileRef = 1FE433521F21DC940062D8ED /* AddViewConfigurator.swift */; };
		1FE433551F21F21E0062D8ED /* ViewRouter.swift in Sources */ = {isa = PBXBuildFile; fileRef = 1FE433541F21F21E0062D8ED /* ViewRouter.swift */; };
		1FE433591F220EE60062D8ED /* TaskRepository.swift in Sources */ = {isa = PBXBuildFile; fileRef = 1FE433581F220EE60062D8ED /* TaskRepository.swift */; };
		1FE4335B1F2243CA0062D8ED /* AddDataDisplayManager.swift in Sources */ = {isa = PBXBuildFile; fileRef = 1FE4335A1F2243CA0062D8ED /* AddDataDisplayManager.swift */; };
/* End PBXBuildFile section */

/* Begin PBXFileReference section */
		1F416FF01F28ECFC0007F2E4 /* TaskServices.swift */ = {isa = PBXFileReference; fileEncoding = 4; lastKnownFileType = sourcecode.swift; path = TaskServices.swift; sourceTree = "<group>"; };
		1FE4332A1F20FB910062D8ED /* ToDoshka.app */ = {isa = PBXFileReference; explicitFileType = wrapper.application; includeInIndex = 0; path = ToDoshka.app; sourceTree = BUILT_PRODUCTS_DIR; };
		1FE4332D1F20FB910062D8ED /* AppDelegate.swift */ = {isa = PBXFileReference; lastKnownFileType = sourcecode.swift; path = AppDelegate.swift; sourceTree = "<group>"; };
		1FE4332F1F20FB910062D8ED /* ToDoTableViewController.swift */ = {isa = PBXFileReference; lastKnownFileType = sourcecode.swift; path = ToDoTableViewController.swift; sourceTree = "<group>"; };
		1FE433321F20FB910062D8ED /* Base */ = {isa = PBXFileReference; lastKnownFileType = file.storyboard; name = Base; path = Base.lproj/Main.storyboard; sourceTree = "<group>"; };
		1FE433341F20FB910062D8ED /* Assets.xcassets */ = {isa = PBXFileReference; lastKnownFileType = folder.assetcatalog; path = Assets.xcassets; sourceTree = "<group>"; };
		1FE433391F20FB910062D8ED /* Info.plist */ = {isa = PBXFileReference; lastKnownFileType = text.plist.xml; path = Info.plist; sourceTree = "<group>"; };
		1FE433401F213A5C0062D8ED /* ToDoPresenter.swift */ = {isa = PBXFileReference; fileEncoding = 4; lastKnownFileType = sourcecode.swift; path = ToDoPresenter.swift; sourceTree = "<group>"; };
		1FE433421F213A6C0062D8ED /* ToDoRouter.swift */ = {isa = PBXFileReference; fileEncoding = 4; lastKnownFileType = sourcecode.swift; path = ToDoRouter.swift; sourceTree = "<group>"; };
		1FE433441F213A820062D8ED /* ToDoConfigurator.swift */ = {isa = PBXFileReference; fileEncoding = 4; lastKnownFileType = sourcecode.swift; path = ToDoConfigurator.swift; sourceTree = "<group>"; };
		1FE433461F21435C0062D8ED /* ToDoDataDisplayManager.swift */ = {isa = PBXFileReference; fileEncoding = 4; lastKnownFileType = sourcecode.swift; path = ToDoDataDisplayManager.swift; sourceTree = "<group>"; };
		1FE433481F2149500062D8ED /* Task.swift */ = {isa = PBXFileReference; fileEncoding = 4; lastKnownFileType = sourcecode.swift; path = Task.swift; sourceTree = "<group>"; };
		1FE4334B1F2152560062D8ED /* AddTableViewController.swift */ = {isa = PBXFileReference; fileEncoding = 4; lastKnownFileType = sourcecode.swift; path = AddTableViewController.swift; sourceTree = "<group>"; };
		1FE4334E1F21DC700062D8ED /* AddViewPresenter.swift */ = {isa = PBXFileReference; fileEncoding = 4; lastKnownFileType = sourcecode.swift; path = AddViewPresenter.swift; sourceTree = "<group>"; };
		1FE433501F21DC830062D8ED /* AddViewRouter.swift */ = {isa = PBXFileReference; fileEncoding = 4; lastKnownFileType = sourcecode.swift; path = AddViewRouter.swift; sourceTree = "<group>"; };
		1FE433521F21DC940062D8ED /* AddViewConfigurator.swift */ = {isa = PBXFileReference; fileEncoding = 4; lastKnownFileType = sourcecode.swift; path = AddViewConfigurator.swift; sourceTree = "<group>"; };
		1FE433541F21F21E0062D8ED /* ViewRouter.swift */ = {isa = PBXFileReference; fileEncoding = 4; lastKnownFileType = sourcecode.swift; path = ViewRouter.swift; sourceTree = "<group>"; };
		1FE433581F220EE60062D8ED /* TaskRepository.swift */ = {isa = PBXFileReference; fileEncoding = 4; lastKnownFileType = sourcecode.swift; path = TaskRepository.swift; sourceTree = "<group>"; };
		1FE4335A1F2243CA0062D8ED /* AddDataDisplayManager.swift */ = {isa = PBXFileReference; fileEncoding = 4; lastKnownFileType = sourcecode.swift; path = AddDataDisplayManager.swift; sourceTree = "<group>"; };
/* End PBXFileReference section */

/* Begin PBXFrameworksBuildPhase section */
		1FE433271F20FB910062D8ED /* Frameworks */ = {
			isa = PBXFrameworksBuildPhase;
			buildActionMask = 2147483647;
			files = (
			);
			runOnlyForDeploymentPostprocessing = 0;
		};
/* End PBXFrameworksBuildPhase section */

/* Begin PBXGroup section */
		1F416FEC1F28EC2D0007F2E4 /* App */ = {
			isa = PBXGroup;
			children = (
				1FE4332D1F20FB910062D8ED /* AppDelegate.swift */,
				1FE433391F20FB910062D8ED /* Info.plist */,
			);
			name = App;
			sourceTree = "<group>";
		};
		1F416FED1F28EC4A0007F2E4 /* BusinessLogicLayer */ = {
			isa = PBXGroup;
			children = (
				1F416FEE1F28EC620007F2E4 /* Services */,
				1F416FEF1F28EC770007F2E4 /* Repositories */,
				1FE4334A1F21495D0062D8ED /* Entities */,
			);
			name = BusinessLogicLayer;
			sourceTree = "<group>";
		};
		1F416FEE1F28EC620007F2E4 /* Services */ = {
			isa = PBXGroup;
			children = (
				1F416FF01F28ECFC0007F2E4 /* TaskServices.swift */,
			);
			name = Services;
			sourceTree = "<group>";
		};
		1F416FEF1F28EC770007F2E4 /* Repositories */ = {
			isa = PBXGroup;
			children = (
				1FE433581F220EE60062D8ED /* TaskRepository.swift */,
			);
			name = Repositories;
			sourceTree = "<group>";
		};
		1F416FF21F28ED170007F2E4 /* PresentationLayer */ = {
			isa = PBXGroup;
			children = (
				1F416FF31F28ED2E0007F2E4 /* UserStories */,
			);
			name = PresentationLayer;
			sourceTree = "<group>";
		};
		1F416FF31F28ED2E0007F2E4 /* UserStories */ = {
			isa = PBXGroup;
			children = (
				1F416FF41F28ED3A0007F2E4 /* Todos */,
			);
			name = UserStories;
			sourceTree = "<group>";
		};
		1F416FF41F28ED3A0007F2E4 /* Todos */ = {
			isa = PBXGroup;
			children = (
				1F416FF51F28ED430007F2E4 /* Modules */,
			);
			name = Todos;
			sourceTree = "<group>";
		};
		1F416FF51F28ED430007F2E4 /* Modules */ = {
			isa = PBXGroup;
			children = (
				1FE4334D1F21525B0062D8ED /* AddViewController */,
				1FE4333F1F2139E30062D8ED /* ToDoTableViewController */,
				1FE433311F20FB910062D8ED /* Main.storyboard */,
			);
			name = Modules;
			sourceTree = "<group>";
		};
		1F416FF61F28ED9A0007F2E4 /* Resources */ = {
			isa = PBXGroup;
			children = (
				1FE433341F20FB910062D8ED /* Assets.xcassets */,
			);
			name = Resources;
			sourceTree = "<group>";
		};
		1FE433211F20FB910062D8ED = {
			isa = PBXGroup;
			children = (
				1FE4332C1F20FB910062D8ED /* ToDoshka */,
				1FE4332B1F20FB910062D8ED /* Products */,
			);
			sourceTree = "<group>";
		};
		1FE4332B1F20FB910062D8ED /* Products */ = {
			isa = PBXGroup;
			children = (
				1FE4332A1F20FB910062D8ED /* ToDoshka.app */,
			);
			name = Products;
			sourceTree = "<group>";
		};
		1FE4332C1F20FB910062D8ED /* ToDoshka */ = {
			isa = PBXGroup;
			children = (
				1F416FEC1F28EC2D0007F2E4 /* App */,
				1F416FED1F28EC4A0007F2E4 /* BusinessLogicLayer */,
				1F416FF21F28ED170007F2E4 /* PresentationLayer */,
				1FE433561F21F22A0062D8ED /* VIPER */,
				1F416FF61F28ED9A0007F2E4 /* Resources */,
			);
			path = ToDoshka;
			sourceTree = "<group>";
		};
		1FE4333F1F2139E30062D8ED /* ToDoTableViewController */ = {
			isa = PBXGroup;
			children = (
				1FE4332F1F20FB910062D8ED /* ToDoTableViewController.swift */,
				1FE433401F213A5C0062D8ED /* ToDoPresenter.swift */,
				1FE433421F213A6C0062D8ED /* ToDoRouter.swift */,
				1FE433441F213A820062D8ED /* ToDoConfigurator.swift */,
				1FE433461F21435C0062D8ED /* ToDoDataDisplayManager.swift */,
			);
			name = ToDoTableViewController;
			sourceTree = "<group>";
		};
		1FE4334A1F21495D0062D8ED /* Entities */ = {
			isa = PBXGroup;
			children = (
				1FE433481F2149500062D8ED /* Task.swift */,
			);
			name = Entities;
			sourceTree = "<group>";
		};
		1FE4334D1F21525B0062D8ED /* AddViewController */ = {
			isa = PBXGroup;
			children = (
				1FE4334B1F2152560062D8ED /* AddTableViewController.swift */,
				1FE4334E1F21DC700062D8ED /* AddViewPresenter.swift */,
				1FE433501F21DC830062D8ED /* AddViewRouter.swift */,
				1FE433521F21DC940062D8ED /* AddViewConfigurator.swift */,
				1FE4335A1F2243CA0062D8ED /* AddDataDisplayManager.swift */,
			);
			name = AddViewController;
			sourceTree = "<group>";
		};
		1FE433561F21F22A0062D8ED /* VIPER */ = {
			isa = PBXGroup;
			children = (
				1FE433541F21F21E0062D8ED /* ViewRouter.swift */,
			);
			name = VIPER;
			sourceTree = "<group>";
		};
/* End PBXGroup section */

/* Begin PBXNativeTarget section */
		1FE433291F20FB910062D8ED /* ToDoshka */ = {
			isa = PBXNativeTarget;
			buildConfigurationList = 1FE4333C1F20FB910062D8ED /* Build configuration list for PBXNativeTarget "ToDoshka" */;
			buildPhases = (
				1FE433261F20FB910062D8ED /* Sources */,
				1FE433271F20FB910062D8ED /* Frameworks */,
				1FE433281F20FB910062D8ED /* Resources */,
			);
			buildRules = (
			);
			dependencies = (
			);
			name = ToDoshka;
			productName = ToDoshka;
			productReference = 1FE4332A1F20FB910062D8ED /* ToDoshka.app */;
			productType = "com.apple.product-type.application";
		};
/* End PBXNativeTarget section */

/* Begin PBXProject section */
		1FE433221F20FB910062D8ED /* Project object */ = {
			isa = PBXProject;
			attributes = {
				LastSwiftUpdateCheck = 0830;
				LastUpgradeCheck = 0830;
				ORGANIZATIONNAME = "Александр";
				TargetAttributes = {
					1FE433291F20FB910062D8ED = {
						CreatedOnToolsVersion = 8.3.3;
						ProvisioningStyle = Automatic;
					};
				};
			};
			buildConfigurationList = 1FE433251F20FB910062D8ED /* Build configuration list for PBXProject "ToDoshka" */;
			compatibilityVersion = "Xcode 3.2";
			developmentRegion = English;
			hasScannedForEncodings = 0;
			knownRegions = (
				en,
				Base,
			);
			mainGroup = 1FE433211F20FB910062D8ED;
			productRefGroup = 1FE4332B1F20FB910062D8ED /* Products */;
			projectDirPath = "";
			projectRoot = "";
			targets = (
				1FE433291F20FB910062D8ED /* ToDoshka */,
			);
		};
/* End PBXProject section */

/* Begin PBXResourcesBuildPhase section */
		1FE433281F20FB910062D8ED /* Resources */ = {
			isa = PBXResourcesBuildPhase;
			buildActionMask = 2147483647;
			files = (
				1FE433351F20FB910062D8ED /* Assets.xcassets in Resources */,
				1FE433331F20FB910062D8ED /* Main.storyboard in Resources */,
			);
			runOnlyForDeploymentPostprocessing = 0;
		};
/* End PBXResourcesBuildPhase section */

/* Begin PBXSourcesBuildPhase section */
		1FE433261F20FB910062D8ED /* Sources */ = {
			isa = PBXSourcesBuildPhase;
			buildActionMask = 2147483647;
			files = (
				1FE433301F20FB910062D8ED /* ToDoTableViewController.swift in Sources */,
				1FE4334F1F21DC700062D8ED /* AddViewPresenter.swift in Sources */,
				1FE4335B1F2243CA0062D8ED /* AddDataDisplayManager.swift in Sources */,
				1FE433451F213A820062D8ED /* ToDoConfigurator.swift in Sources */,
				1FE433551F21F21E0062D8ED /* ViewRouter.swift in Sources */,
				1FE433511F21DC830062D8ED /* AddViewRouter.swift in Sources */,
				1FE4334C1F2152560062D8ED /* AddTableViewController.swift in Sources */,
				1FE433531F21DC940062D8ED /* AddViewConfigurator.swift in Sources */,
				1F416FF11F28ECFC0007F2E4 /* TaskServices.swift in Sources */,
				1FE433471F21435C0062D8ED /* ToDoDataDisplayManager.swift in Sources */,
				1FE433411F213A5C0062D8ED /* ToDoPresenter.swift in Sources */,
				1FE433591F220EE60062D8ED /* TaskRepository.swift in Sources */,
				1FE433491F2149500062D8ED /* Task.swift in Sources */,
				1FE433431F213A6C0062D8ED /* ToDoRouter.swift in Sources */,
				1FE4332E1F20FB910062D8ED /* AppDelegate.swift in Sources */,
			);
			runOnlyForDeploymentPostprocessing = 0;
		};
/* End PBXSourcesBuildPhase section */

/* Begin PBXVariantGroup section */
		1FE433311F20FB910062D8ED /* Main.storyboard */ = {
			isa = PBXVariantGroup;
			children = (
				1FE433321F20FB910062D8ED /* Base */,
			);
			name = Main.storyboard;
			sourceTree = "<group>";
		};
/* End PBXVariantGroup section */

/* Begin XCBuildConfiguration section */
		1FE4333A1F20FB910062D8ED /* Debug */ = {
			isa = XCBuildConfiguration;
			buildSettings = {
				ALWAYS_SEARCH_USER_PATHS = NO;
				CLANG_ANALYZER_NONNULL = YES;
				CLANG_ANALYZER_NUMBER_OBJECT_CONVERSION = YES_AGGRESSIVE;
				CLANG_CXX_LANGUAGE_STANDARD = "gnu++0x";
				CLANG_CXX_LIBRARY = "libc++";
				CLANG_ENABLE_MODULES = YES;
				CLANG_ENABLE_OBJC_ARC = YES;
				CLANG_WARN_BOOL_CONVERSION = YES;
				CLANG_WARN_CONSTANT_CONVERSION = YES;
				CLANG_WARN_DIRECT_OBJC_ISA_USAGE = YES_ERROR;
				CLANG_WARN_DOCUMENTATION_COMMENTS = YES;
				CLANG_WARN_EMPTY_BODY = YES;
				CLANG_WARN_ENUM_CONVERSION = YES;
				CLANG_WARN_INFINITE_RECURSION = YES;
				CLANG_WARN_INT_CONVERSION = YES;
				CLANG_WARN_OBJC_ROOT_CLASS = YES_ERROR;
				CLANG_WARN_SUSPICIOUS_MOVE = YES;
				CLANG_WARN_UNREACHABLE_CODE = YES;
				CLANG_WARN__DUPLICATE_METHOD_MATCH = YES;
				"CODE_SIGN_IDENTITY[sdk=iphoneos*]" = "iPhone Developer";
				COPY_PHASE_STRIP = NO;
				DEBUG_INFORMATION_FORMAT = dwarf;
				ENABLE_STRICT_OBJC_MSGSEND = YES;
				ENABLE_TESTABILITY = YES;
				GCC_C_LANGUAGE_STANDARD = gnu99;
				GCC_DYNAMIC_NO_PIC = NO;
				GCC_NO_COMMON_BLOCKS = YES;
				GCC_OPTIMIZATION_LEVEL = 0;
				GCC_PREPROCESSOR_DEFINITIONS = (
					"DEBUG=1",
					"$(inherited)",
				);
				GCC_WARN_64_TO_32_BIT_CONVERSION = YES;
				GCC_WARN_ABOUT_RETURN_TYPE = YES_ERROR;
				GCC_WARN_UNDECLARED_SELECTOR = YES;
				GCC_WARN_UNINITIALIZED_AUTOS = YES_AGGRESSIVE;
				GCC_WARN_UNUSED_FUNCTION = YES;
				GCC_WARN_UNUSED_VARIABLE = YES;
				IPHONEOS_DEPLOYMENT_TARGET = 10.3;
				MTL_ENABLE_DEBUG_INFO = YES;
				ONLY_ACTIVE_ARCH = YES;
				SDKROOT = iphoneos;
				SWIFT_ACTIVE_COMPILATION_CONDITIONS = DEBUG;
				SWIFT_OPTIMIZATION_LEVEL = "-Onone";
				TARGETED_DEVICE_FAMILY = "1,2";
			};
			name = Debug;
		};
		1FE4333B1F20FB910062D8ED /* Release */ = {
			isa = XCBuildConfiguration;
			buildSettings = {
				ALWAYS_SEARCH_USER_PATHS = NO;
				CLANG_ANALYZER_NONNULL = YES;
				CLANG_ANALYZER_NUMBER_OBJECT_CONVERSION = YES_AGGRESSIVE;
				CLANG_CXX_LANGUAGE_STANDARD = "gnu++0x";
				CLANG_CXX_LIBRARY = "libc++";
				CLANG_ENABLE_MODULES = YES;
				CLANG_ENABLE_OBJC_ARC = YES;
				CLANG_WARN_BOOL_CONVERSION = YES;
				CLANG_WARN_CONSTANT_CONVERSION = YES;
				CLANG_WARN_DIRECT_OBJC_ISA_USAGE = YES_ERROR;
				CLANG_WARN_DOCUMENTATION_COMMENTS = YES;
				CLANG_WARN_EMPTY_BODY = YES;
				CLANG_WARN_ENUM_CONVERSION = YES;
				CLANG_WARN_INFINITE_RECURSION = YES;
				CLANG_WARN_INT_CONVERSION = YES;
				CLANG_WARN_OBJC_ROOT_CLASS = YES_ERROR;
				CLANG_WARN_SUSPICIOUS_MOVE = YES;
				CLANG_WARN_UNREACHABLE_CODE = YES;
				CLANG_WARN__DUPLICATE_METHOD_MATCH = YES;
				"CODE_SIGN_IDENTITY[sdk=iphoneos*]" = "iPhone Developer";
				COPY_PHASE_STRIP = NO;
				DEBUG_INFORMATION_FORMAT = "dwarf-with-dsym";
				ENABLE_NS_ASSERTIONS = NO;
				ENABLE_STRICT_OBJC_MSGSEND = YES;
				GCC_C_LANGUAGE_STANDARD = gnu99;
				GCC_NO_COMMON_BLOCKS = YES;
				GCC_WARN_64_TO_32_BIT_CONVERSION = YES;
				GCC_WARN_ABOUT_RETURN_TYPE = YES_ERROR;
				GCC_WARN_UNDECLARED_SELECTOR = YES;
				GCC_WARN_UNINITIALIZED_AUTOS = YES_AGGRESSIVE;
				GCC_WARN_UNUSED_FUNCTION = YES;
				GCC_WARN_UNUSED_VARIABLE = YES;
				IPHONEOS_DEPLOYMENT_TARGET = 10.3;
				MTL_ENABLE_DEBUG_INFO = NO;
				SDKROOT = iphoneos;
				SWIFT_OPTIMIZATION_LEVEL = "-Owholemodule";
				TARGETED_DEVICE_FAMILY = "1,2";
				VALIDATE_PRODUCT = YES;
			};
			name = Release;
		};
		1FE4333D1F20FB910062D8ED /* Debug */ = {
			isa = XCBuildConfiguration;
			buildSettings = {
				ASSETCATALOG_COMPILER_APPICON_NAME = AppIcon;
				INFOPLIST_FILE = ToDoshka/Info.plist;
				LD_RUNPATH_SEARCH_PATHS = "$(inherited) @executable_path/Frameworks";
				PRODUCT_BUNDLE_IDENTIFIER = kubsau.ToDoshka;
				PRODUCT_NAME = "$(TARGET_NAME)";
				SWIFT_VERSION = 3.0;
			};
			name = Debug;
		};
		1FE4333E1F20FB910062D8ED /* Release */ = {
			isa = XCBuildConfiguration;
			buildSettings = {
				ASSETCATALOG_COMPILER_APPICON_NAME = AppIcon;
				INFOPLIST_FILE = ToDoshka/Info.plist;
				LD_RUNPATH_SEARCH_PATHS = "$(inherited) @executable_path/Frameworks";
				PRODUCT_BUNDLE_IDENTIFIER = kubsau.ToDoshka;
				PRODUCT_NAME = "$(TARGET_NAME)";
				SWIFT_VERSION = 3.0;
			};
			name = Release;
		};
/* End XCBuildConfiguration section */

/* Begin XCConfigurationList section */
		1FE433251F20FB910062D8ED /* Build configuration list for PBXProject "ToDoshka" */ = {
			isa = XCConfigurationList;
			buildConfigurations = (
				1FE4333A1F20FB910062D8ED /* Debug */,
				1FE4333B1F20FB910062D8ED /* Release */,
			);
			defaultConfigurationIsVisible = 0;
			defaultConfigurationName = Release;
		};
		1FE4333C1F20FB910062D8ED /* Build configuration list for PBXNativeTarget "ToDoshka" */ = {
			isa = XCConfigurationList;
			buildConfigurations = (
				1FE4333D1F20FB910062D8ED /* Debug */,
				1FE4333E1F20FB910062D8ED /* Release */,
			);
			defaultConfigurationIsVisible = 0;
			defaultConfigurationName = Release;
		};
/* End XCConfigurationList section */
	};
	rootObject = 1FE433221F20FB910062D8ED /* Project object */;
}
